{
  "lockfileVersion": 1,
  "configVersion": 1,
  "workspaces": {
    "": {
      "dependencies": {
        "hono-rate-limiter": "^0.5.3",
      },
    },
  },
  "packages": {
    "hono": ["hono@4.12.7", "", {}, "sha512-jq9l1DM0zVIvsm3lv9Nw9nlJnMNPOcAtsbsgiUhWcFzPE99Gvo6yRTlszSLLYacMeQ6quHD6hMfId8crVHvexw=="],

    "hono-rate-limiter": ["hono-rate-limiter@0.5.3", "", { "peerDependencies": { "hono": "^4.10.8", "unstorage": "^1.17.3" }, "optionalPeers": ["unstorage"] }, "sha512-M0DxbVMpPELEzLi0AJg1XyBHLGJXz7GySjsPoK+gc5YeeBsdGDGe+2RvVuCAv8ydINiwlbxqYMNxUEyYfRji/A=="],
  }
}
